
Microsoft Visual Studio Solution File, Format Version 12.00
# Visual Studio Version 16
VisualStudioVersion = 16.0.31025.218
MinimumVisualStudioVersion = 10.0.40219.1
Project("{9A19103F-16F7-4668-BE54-9A1E7A4F7556}") = "PrimeDecomposition", "PrimeDecomposition\PrimeDecomposition.csproj", "{70524860-FB3F-4E7D-9DE0-94D126A32E16}"
EndProject
Project("{9A19103F-16F7-4668-BE54-9A1E7A4F7556}") = "PrimeDecompositionTests", "PrimeDecompositionTests\PrimeDecompositionTests.csproj", "{62E27363-3DA9-4D03-A01B-D12AE1E1D2E5}"
EndProject
Project("{9A19103F-16F7-4668-BE54-9A1E7A4F7556}") = "NumberGenerator", "NumberGenerator\NumberGenerator.csproj", "{9A1C4AAF-DA16-4E27-89E1-7DB5FB7CE81D}"
EndProject
Project("{9A19103F-16F7-4668-BE54-9A1E7A4F7556}") = "PrimeDecompositionUi", "PrimeDecompositionUi\PrimeDecompositionUi.csproj", "{D7233970-3D57-4D81-8CD3-017FB5E3438E}"
EndProject
Project("{9A19103F-16F7-4668-BE54-9A1E7A4F7556}") = "Dtos", "Dtos\Dtos.csproj", "{DC5D6606-9A61-47CB-97C6-DE06965398A5}"
EndProject
Global
	GlobalSection(SolutionConfigurationPlatforms) = preSolution
		Debug|Any CPU = Debug|Any CPU
		Release|Any CPU = Release|Any CPU
	EndGlobalSection
	GlobalSection(ProjectConfigurationPlatforms) = postSolution
		{70524860-FB3F-4E7D-9DE0-94D126A32E16}.Debug|Any CPU.ActiveCfg = Debug|Any CPU
		{70524860-FB3F-4E7D-9DE0-94D126A32E16}.Debug|Any CPU.Build.0 = Debug|Any CPU
		{70524860-FB3F-4E7D-9DE0-94D126A32E16}.Release|Any CPU.ActiveCfg = Release|Any CPU
		{70524860-FB3F-4E7D-9DE0-94D126A32E16}.Release|Any CPU.Build.0 = Release|Any CPU
		{62E27363-3DA9-4D03-A01B-D12AE1E1D2E5}.Debug|Any CPU.ActiveCfg = Debug|Any CPU
		{62E27363-3DA9-4D03-A01B-D12AE1E1D2E5}.Debug|Any CPU.Build.0 = Debug|Any CPU
		{62E27363-3DA9-4D03-A01B-D12AE1E1D2E5}.Release|Any CPU.ActiveCfg = Release|Any CPU
		{62E27363-3DA9-4D03-A01B-D12AE1E1D2E5}.Release|Any CPU.Build.0 = Release|Any CPU
		{9A1C4AAF-DA16-4E27-89E1-7DB5FB7CE81D}.Debug|Any CPU.ActiveCfg = Debug|Any CPU
		{9A1C4AAF-DA16-4E27-89E1-7DB5FB7CE81D}.Debug|Any CPU.Build.0 = Debug|Any CPU
		{9A1C4AAF-DA16-4E27-89E1-7DB5FB7CE81D}.Release|Any CPU.ActiveCfg = Release|Any CPU
		{9A1C4AAF-DA16-4E27-89E1-7DB5FB7CE81D}.Release|Any CPU.Build.0 = Release|Any CPU
		{D7233970-3D57-4D81-8CD3-017FB5E3438E}.Debug|Any CPU.ActiveCfg = Debug|Any CPU
		{D7233970-3D57-4D81-8CD3-017FB5E3438E}.Debug|Any CPU.Build.0 = Debug|Any CPU
		{D7233970-3D57-4D81-8CD3-017FB5E3438E}.Release|Any CPU.ActiveCfg = Release|Any CPU
		{D7233970-3D57-4D81-8CD3-017FB5E3438E}.Release|Any CPU.Build.0 = Release|Any CPU
		{DC5D6606-9A61-47CB-97C6-DE06965398A5}.Debug|Any CPU.ActiveCfg = Debug|Any CPU
		{DC5D6606-9A61-47CB-97C6-DE06965398A5}.Debug|Any CPU.Build.0 = Debug|Any CPU
		{DC5D6606-9A61-47CB-97C6-DE06965398A5}.Release|Any CPU.ActiveCfg = Release|Any CPU
		{DC5D6606-9A61-47CB-97C6-DE06965398A5}.Release|Any CPU.Build.0 = Release|Any CPU
	EndGlobalSection
	GlobalSection(SolutionProperties) = preSolution
		HideSolutionNode = FALSE
	EndGlobalSection
	GlobalSection(ExtensibilityGlobals) = postSolution
		SolutionGuid = {FBDED7B7-B0EC-4E75-A941-13E1B79EB385}
	EndGlobalSection
EndGlobal
